{
  "name": "widget-wall",
  "version": "2.1.0",
  "lockfileVersion": 1,
  "requires": true,
  "dependencies": {
    "@types/jquery": {
      "version": "3.3.1",
      "resolved": "http://registry.npm.taobao.org/@types/jquery/download/@types/jquery-3.3.1.tgz",
      "integrity": "sha1-VXWNRNQidW1jKcv1Tm1Bkx17oo8=",
      "dev": true
    },
    "jquery": {
      "version": "3.3.1",
      "resolved": "http://registry.npm.taobao.org/jquery/download/jquery-3.3.1.tgz",
      "integrity": "sha1-lYzinoHJeQ8xvneS311NlfxX+8o="
    },
    "se-emitter": {
      "version": "2.0.0",
      "resolved": "http://registry.npm.taobao.org/se-emitter/download/se-emitter-2.0.0.tgz",
      "integrity": "sha1-y85A2SziW2CoNI8jlSbuYIgTGlE="
    },
    "typescript": {
      "version": "2.8.3",
      "resolved": "http://registry.npm.taobao.org/typescript/download/typescript-2.8.3.tgz",
      "integrity": "sha1-XYF/m28xu4cYNfTt8AifIavmwXA=",
      "dev": true
    }
  }
}
